
Microsoft Visual Studio Solution File, Format Version 12.00
# Visual Studio Version 16
VisualStudioVersion = 16.0.30709.132
MinimumVisualStudioVersion = 10.0.40219.1
Project("{9A19103F-16F7-4668-BE54-9A1E7A4F7556}") = "LibSassBuilder", "LibSassBuilder\LibSassBuilder.csproj", "{0DB56568-9B61-47C7-9B3A-74AD4B3EEC9A}"
EndProject
Project("{9A19103F-16F7-4668-BE54-9A1E7A4F7556}") = "LibSassBuilder.Tests", "LibSassBuilder.Tests\LibSassBuilder.Tests.csproj", "{6401A537-4B7B-42F8-A515-67240B4C0F0C}"
EndProject
Project("{9A19103F-16F7-4668-BE54-9A1E7A4F7556}") = "LibSassBuilder.DirectoryTests", "LibSassBuilder.DirectoryTests\LibSassBuilder.DirectoryTests.csproj", "{F51D398C-D259-4539-8EE4-E037B213F3C6}"
EndProject
Project("{9A19103F-16F7-4668-BE54-9A1E7A4F7556}") = "LibSassBuilder.ExcludeTests", "LibSassBuilder.ExcludeTests\LibSassBuilder.ExcludeTests.csproj", "{16069D4E-516D-4DE6-A0E7-D2429E1F7485}"
EndProject
Project("{2150E333-8FDC-42A3-9474-1A3956D46DE8}") = "Solution Items", "Solution Items", "{9D63AEC3-CC7D-43C2-9501-5A00E9767C7D}"
	ProjectSection(SolutionItems) = preProject
		..\README.md = ..\README.md
	EndProjectSection
EndProject
Global
	GlobalSection(SolutionConfigurationPlatforms) = preSolution
		Debug|Any CPU = Debug|Any CPU
		Release|Any CPU = Release|Any CPU
	EndGlobalSection
	GlobalSection(ProjectConfigurationPlatforms) = postSolution
		{0DB56568-9B61-47C7-9B3A-74AD4B3EEC9A}.Debug|Any CPU.ActiveCfg = Debug|Any CPU
		{0DB56568-9B61-47C7-9B3A-74AD4B3EEC9A}.Debug|Any CPU.Build.0 = Debug|Any CPU
		{0DB56568-9B61-47C7-9B3A-74AD4B3EEC9A}.Release|Any CPU.ActiveCfg = Release|Any CPU
		{0DB56568-9B61-47C7-9B3A-74AD4B3EEC9A}.Release|Any CPU.Build.0 = Release|Any CPU
		{6401A537-4B7B-42F8-A515-67240B4C0F0C}.Debug|Any CPU.ActiveCfg = Debug|Any CPU
		{6401A537-4B7B-42F8-A515-67240B4C0F0C}.Debug|Any CPU.Build.0 = Debug|Any CPU
		{6401A537-4B7B-42F8-A515-67240B4C0F0C}.Release|Any CPU.ActiveCfg = Release|Any CPU
		{6401A537-4B7B-42F8-A515-67240B4C0F0C}.Release|Any CPU.Build.0 = Release|Any CPU
		{F51D398C-D259-4539-8EE4-E037B213F3C6}.Debug|Any CPU.ActiveCfg = Debug|Any CPU
		{F51D398C-D259-4539-8EE4-E037B213F3C6}.Debug|Any CPU.Build.0 = Debug|Any CPU
		{F51D398C-D259-4539-8EE4-E037B213F3C6}.Release|Any CPU.ActiveCfg = Release|Any CPU
		{F51D398C-D259-4539-8EE4-E037B213F3C6}.Release|Any CPU.Build.0 = Release|Any CPU
		{16069D4E-516D-4DE6-A0E7-D2429E1F7485}.Debug|Any CPU.ActiveCfg = Debug|Any CPU
		{16069D4E-516D-4DE6-A0E7-D2429E1F7485}.Debug|Any CPU.Build.0 = Debug|Any CPU
		{16069D4E-516D-4DE6-A0E7-D2429E1F7485}.Release|Any CPU.ActiveCfg = Release|Any CPU
		{16069D4E-516D-4DE6-A0E7-D2429E1F7485}.Release|Any CPU.Build.0 = Release|Any CPU
	EndGlobalSection
	GlobalSection(SolutionProperties) = preSolution
		HideSolutionNode = FALSE
	EndGlobalSection
	GlobalSection(ExtensibilityGlobals) = postSolution
		SolutionGuid = {49B21107-8AFF-4E34-BB62-73EAB3FAC6A5}
	EndGlobalSection
EndGlobal
